
Microsoft Visual Studio Solution File, Format Version 12.00
# Visual Studio 15
VisualStudioVersion = 15.0.27004.2005
MinimumVisualStudioVersion = 10.0.40219.1
Project("{9A19103F-16F7-4668-BE54-9A1E7A4F7556}") = "ReviewApi", "ReviewApi\ReviewApi.csproj", "{101DC422-E449-400A-995A-7FE23D2209F1}"
EndProject
Project("{FAE04EC0-301F-11D3-BF4B-00C04F79EFBC}") = "ReviewWeb", "ReviewWeb\ReviewWeb.csproj", "{F2AD9484-2C37-479D-8075-FCDC6ED055EA}"
EndProject
Global
	GlobalSection(SolutionConfigurationPlatforms) = preSolution
		Debug|Any CPU = Debug|Any CPU
		Release|Any CPU = Release|Any CPU
	EndGlobalSection
	GlobalSection(ProjectConfigurationPlatforms) = postSolution
		{101DC422-E449-400A-995A-7FE23D2209F1}.Debug|Any CPU.ActiveCfg = Debug|Any CPU
		{101DC422-E449-400A-995A-7FE23D2209F1}.Debug|Any CPU.Build.0 = Debug|Any CPU
		{101DC422-E449-400A-995A-7FE23D2209F1}.Release|Any CPU.ActiveCfg = Release|Any CPU
		{101DC422-E449-400A-995A-7FE23D2209F1}.Release|Any CPU.Build.0 = Release|Any CPU
		{F2AD9484-2C37-479D-8075-FCDC6ED055EA}.Debug|Any CPU.ActiveCfg = Debug|Any CPU
		{F2AD9484-2C37-479D-8075-FCDC6ED055EA}.Debug|Any CPU.Build.0 = Debug|Any CPU
		{F2AD9484-2C37-479D-8075-FCDC6ED055EA}.Release|Any CPU.ActiveCfg = Release|Any CPU
		{F2AD9484-2C37-479D-8075-FCDC6ED055EA}.Release|Any CPU.Build.0 = Release|Any CPU
	EndGlobalSection
	GlobalSection(SolutionProperties) = preSolution
		HideSolutionNode = FALSE
	EndGlobalSection
	GlobalSection(ExtensibilityGlobals) = postSolution
		SolutionGuid = {C4D4CC4F-7300-4B17-8388-454FA8436100}
	EndGlobalSection
EndGlobal
